
Microsoft Visual Studio Solution File, Format Version 12.00
# Visual Studio Version 16
VisualStudioVersion = 16.0.30804.86
MinimumVisualStudioVersion = 10.0.40219.1
Project("{FAE04EC0-301F-11D3-BF4B-00C04F79EFBC}") = "Animals", "Animals\Animals.csproj", "{90ED5AB0-DB94-4766-94F6-6099E2B1C0EA}"
EndProject
Global
	GlobalSection(SolutionConfigurationPlatforms) = preSolution
		Debug|Any CPU = Debug|Any CPU
		Release|Any CPU = Release|Any CPU
	EndGlobalSection
	GlobalSection(ProjectConfigurationPlatforms) = postSolution
		{90ED5AB0-DB94-4766-94F6-6099E2B1C0EA}.Debug|Any CPU.ActiveCfg = Debug|Any CPU
		{90ED5AB0-DB94-4766-94F6-6099E2B1C0EA}.Debug|Any CPU.Build.0 = Debug|Any CPU
		{90ED5AB0-DB94-4766-94F6-6099E2B1C0EA}.Release|Any CPU.ActiveCfg = Release|Any CPU
		{90ED5AB0-DB94-4766-94F6-6099E2B1C0EA}.Release|Any CPU.Build.0 = Release|Any CPU
	EndGlobalSection
	GlobalSection(SolutionProperties) = preSolution
		HideSolutionNode = FALSE
	EndGlobalSection
	GlobalSection(ExtensibilityGlobals) = postSolution
		SolutionGuid = {4F1069E1-D27D-4D81-80E7-83E4BBA172DD}
	EndGlobalSection
EndGlobal
